
Microsoft Visual Studio Solution File, Format Version 12.00
# Visual Studio 15
VisualStudioVersion = 15.0.28010.2036
MinimumVisualStudioVersion = 10.0.40219.1
Project("{FAE04EC0-301F-11D3-BF4B-00C04F79EFBC}") = "CostsDiary.Web", "CostsDiary.Web\CostsDiary.Web.csproj", "{368C2B90-B1F1-43B1-87FF-5CA3F149CE1B}"
EndProject
Project("{FAE04EC0-301F-11D3-BF4B-00C04F79EFBC}") = "CostsDiary.Interfaces", "CostsDiary.Interfaces\CostsDiary.Interfaces.csproj", "{17DCFDB8-1576-4E13-A076-3A8830DF840C}"
EndProject
Project("{FAE04EC0-301F-11D3-BF4B-00C04F79EFBC}") = "CostsDiary.Data.Entities", "CostsDiary.Data.Entities\CostsDiary.Data.Entities.csproj", "{E183FCF0-BFBD-4505-BCBF-3C8C3B0BF9AF}"
EndProject
Project("{FAE04EC0-301F-11D3-BF4B-00C04F79EFBC}") = "CostsDiary.Data.Repositories", "CostsDiary.Data.Repositories\CostsDiary.Data.Repositories.csproj", "{894E740F-3517-42C1-B736-BA1D7785CA6D}"
EndProject
Global
	GlobalSection(SolutionConfigurationPlatforms) = preSolution
		Debug|Any CPU = Debug|Any CPU
		Release|Any CPU = Release|Any CPU
	EndGlobalSection
	GlobalSection(ProjectConfigurationPlatforms) = postSolution
		{368C2B90-B1F1-43B1-87FF-5CA3F149CE1B}.Debug|Any CPU.ActiveCfg = Debug|Any CPU
		{368C2B90-B1F1-43B1-87FF-5CA3F149CE1B}.Debug|Any CPU.Build.0 = Debug|Any CPU
		{368C2B90-B1F1-43B1-87FF-5CA3F149CE1B}.Release|Any CPU.ActiveCfg = Release|Any CPU
		{368C2B90-B1F1-43B1-87FF-5CA3F149CE1B}.Release|Any CPU.Build.0 = Release|Any CPU
		{17DCFDB8-1576-4E13-A076-3A8830DF840C}.Debug|Any CPU.ActiveCfg = Debug|Any CPU
		{17DCFDB8-1576-4E13-A076-3A8830DF840C}.Debug|Any CPU.Build.0 = Debug|Any CPU
		{17DCFDB8-1576-4E13-A076-3A8830DF840C}.Release|Any CPU.ActiveCfg = Release|Any CPU
		{17DCFDB8-1576-4E13-A076-3A8830DF840C}.Release|Any CPU.Build.0 = Release|Any CPU
		{E183FCF0-BFBD-4505-BCBF-3C8C3B0BF9AF}.Debug|Any CPU.ActiveCfg = Debug|Any CPU
		{E183FCF0-BFBD-4505-BCBF-3C8C3B0BF9AF}.Debug|Any CPU.Build.0 = Debug|Any CPU
		{E183FCF0-BFBD-4505-BCBF-3C8C3B0BF9AF}.Release|Any CPU.ActiveCfg = Release|Any CPU
		{E183FCF0-BFBD-4505-BCBF-3C8C3B0BF9AF}.Release|Any CPU.Build.0 = Release|Any CPU
		{894E740F-3517-42C1-B736-BA1D7785CA6D}.Debug|Any CPU.ActiveCfg = Debug|Any CPU
		{894E740F-3517-42C1-B736-BA1D7785CA6D}.Debug|Any CPU.Build.0 = Debug|Any CPU
		{894E740F-3517-42C1-B736-BA1D7785CA6D}.Release|Any CPU.ActiveCfg = Release|Any CPU
		{894E740F-3517-42C1-B736-BA1D7785CA6D}.Release|Any CPU.Build.0 = Release|Any CPU
	EndGlobalSection
	GlobalSection(SolutionProperties) = preSolution
		HideSolutionNode = FALSE
	EndGlobalSection
	GlobalSection(ExtensibilityGlobals) = postSolution
		SolutionGuid = {6BD2F929-448D-4796-BA02-CC677AF7DFFD}
	EndGlobalSection
EndGlobal
